// !$*UTF8*$!
{
	archiveVersion = 1;
	classes = {
	};
	objectVersion = 46;
	objects = {

/* Begin PBXBuildFile section */
		D72AC33F1D3D68E800A45F1A /* AppDelegate.swift in Sources */ = {isa = PBXBuildFile; fileRef = D72AC33E1D3D68E800A45F1A /* AppDelegate.swift */; };
		D72AC3411D3D68E800A45F1A /* ViewController.swift in Sources */ = {isa = PBXBuildFile; fileRef = D72AC3401D3D68E800A45F1A /* ViewController.swift */; };
		D72AC3441D3D68E800A45F1A /* Main.storyboard in Resources */ = {isa = PBXBuildFile; fileRef = D72AC3421D3D68E800A45F1A /* Main.storyboard */; };
		D72AC3461D3D68E800A45F1A /* Assets.xcassets in Resources */ = {isa = PBXBuildFile; fileRef = D72AC3451D3D68E800A45F1A /* Assets.xcassets */; };
		D72AC3491D3D68E800A45F1A /* LaunchScreen.storyboard in Resources */ = {isa = PBXBuildFile; fileRef = D72AC3471D3D68E800A45F1A /* LaunchScreen.storyboard */; };
		D72AC3541D3D68E800A45F1A /* CoolNotesTests.swift in Sources */ = {isa = PBXBuildFile; fileRef = D72AC3531D3D68E800A45F1A /* CoolNotesTests.swift */; };
		D72AC35F1D3D68E800A45F1A /* CoolNotesUITests.swift in Sources */ = {isa = PBXBuildFile; fileRef = D72AC35E1D3D68E800A45F1A /* CoolNotesUITests.swift */; };
		D72AC36E1D3D693D00A45F1A /* Model.xcdatamodeld in Sources */ = {isa = PBXBuildFile; fileRef = D72AC36C1D3D693D00A45F1A /* Model.xcdatamodeld */; };
		D72AC3761D3D7ADE00A45F1A /* Note+CoreDataProperties.swift in Sources */ = {isa = PBXBuildFile; fileRef = D72AC3721D3D7ADE00A45F1A /* Note+CoreDataProperties.swift */; };
		D72AC3771D3D7ADE00A45F1A /* Note.swift in Sources */ = {isa = PBXBuildFile; fileRef = D72AC3731D3D7ADE00A45F1A /* Note.swift */; };
		D72AC3781D3D7ADE00A45F1A /* Notebook+CoreDataProperties.swift in Sources */ = {isa = PBXBuildFile; fileRef = D72AC3741D3D7ADE00A45F1A /* Notebook+CoreDataProperties.swift */; };
		D72AC3791D3D7ADE00A45F1A /* Notebook.swift in Sources */ = {isa = PBXBuildFile; fileRef = D72AC3751D3D7ADE00A45F1A /* Notebook.swift */; };
		D72AC37C1D3D975700A45F1A /* CoreDataStack.swift in Sources */ = {isa = PBXBuildFile; fileRef = D72AC37B1D3D975700A45F1A /* CoreDataStack.swift */; };
/* End PBXBuildFile section */

/* Begin PBXContainerItemProxy section */
		D72AC3501D3D68E800A45F1A /* PBXContainerItemProxy */ = {
			isa = PBXContainerItemProxy;
			containerPortal = D72AC3331D3D68E800A45F1A /* Project object */;
			proxyType = 1;
			remoteGlobalIDString = D72AC33A1D3D68E800A45F1A;
			remoteInfo = CoolNotes;
		};
		D72AC35B1D3D68E800A45F1A /* PBXContainerItemProxy */ = {
			isa = PBXContainerItemProxy;
			containerPortal = D72AC3331D3D68E800A45F1A /* Project object */;
			proxyType = 1;
			remoteGlobalIDString = D72AC33A1D3D68E800A45F1A;
			remoteInfo = CoolNotes;
		};
/* End PBXContainerItemProxy section */

/* Begin PBXFileReference section */
		D72AC33B1D3D68E800A45F1A /* CoolNotes.app */ = {isa = PBXFileReference; explicitFileType = wrapper.application; includeInIndex = 0; path = CoolNotes.app; sourceTree = BUILT_PRODUCTS_DIR; };
		D72AC33E1D3D68E800A45F1A /* AppDelegate.swift */ = {isa = PBXFileReference; lastKnownFileType = sourcecode.swift; path = AppDelegate.swift; sourceTree = "<group>"; };
		D72AC3401D3D68E800A45F1A /* ViewController.swift */ = {isa = PBXFileReference; lastKnownFileType = sourcecode.swift; path = ViewController.swift; sourceTree = "<group>"; };
		D72AC3431D3D68E800A45F1A /* Base */ = {isa = PBXFileReference; lastKnownFileType = file.storyboard; name = Base; path = Base.lproj/Main.storyboard; sourceTree = "<group>"; };
		D72AC3451D3D68E800A45F1A /* Assets.xcassets */ = {isa = PBXFileReference; lastKnownFileType = folder.assetcatalog; path = Assets.xcassets; sourceTree = "<group>"; };
		D72AC3481D3D68E800A45F1A /* Base */ = {isa = PBXFileReference; lastKnownFileType = file.storyboard; name = Base; path = Base.lproj/LaunchScreen.storyboard; sourceTree = "<group>"; };
		D72AC34A1D3D68E800A45F1A /* Info.plist */ = {isa = PBXFileReference; lastKnownFileType = text.plist.xml; path = Info.plist; sourceTree = "<group>"; };
		D72AC34F1D3D68E800A45F1A /* CoolNotesTests.xctest */ = {isa = PBXFileReference; explicitFileType = wrapper.cfbundle; includeInIndex = 0; path = CoolNotesTests.xctest; sourceTree = BUILT_PRODUCTS_DIR; };
		D72AC3531D3D68E800A45F1A /* CoolNotesTests.swift */ = {isa = PBXFileReference; lastKnownFileType = sourcecode.swift; path = CoolNotesTests.swift; sourceTree = "<group>"; };
		D72AC3551D3D68E800A45F1A /* Info.plist */ = {isa = PBXFileReference; lastKnownFileType = text.plist.xml; path = Info.plist; sourceTree = "<group>"; };
		D72AC35A1D3D68E800A45F1A /* CoolNotesUITests.xctest */ = {isa = PBXFileReference; explicitFileType = wrapper.cfbundle; includeInIndex = 0; path = CoolNotesUITests.xctest; sourceTree = BUILT_PRODUCTS_DIR; };
		D72AC35E1D3D68E800A45F1A /* CoolNotesUITests.swift */ = {isa = PBXFileReference; lastKnownFileType = sourcecode.swift; path = CoolNotesUITests.swift; sourceTree = "<group>"; };
		D72AC3601D3D68E800A45F1A /* Info.plist */ = {isa = PBXFileReference; lastKnownFileType = text.plist.xml; path = Info.plist; sourceTree = "<group>"; };
		D72AC36D1D3D693D00A45F1A /* Model.xcdatamodel */ = {isa = PBXFileReference; lastKnownFileType = wrapper.xcdatamodel; path = Model.xcdatamodel; sourceTree = "<group>"; };
		D72AC3721D3D7ADE00A45F1A /* Note+CoreDataProperties.swift */ = {isa = PBXFileReference; fileEncoding = 4; lastKnownFileType = sourcecode.swift; name = "Note+CoreDataProperties.swift"; path = "../Note+CoreDataProperties.swift"; sourceTree = "<group>"; };
		D72AC3731D3D7ADE00A45F1A /* Note.swift */ = {isa = PBXFileReference; fileEncoding = 4; lastKnownFileType = sourcecode.swift; name = Note.swift; path = ../Note.swift; sourceTree = "<group>"; };
		D72AC3741D3D7ADE00A45F1A /* Notebook+CoreDataProperties.swift */ = {isa = PBXFileReference; fileEncoding = 4; lastKnownFileType = sourcecode.swift; name = "Notebook+CoreDataProperties.swift"; path = "../Notebook+CoreDataProperties.swift"; sourceTree = "<group>"; };
		D72AC3751D3D7ADE00A45F1A /* Notebook.swift */ = {isa = PBXFileReference; fileEncoding = 4; lastKnownFileType = sourcecode.swift; name = Notebook.swift; path = ../Notebook.swift; sourceTree = "<group>"; };
		D72AC37B1D3D975700A45F1A /* CoreDataStack.swift */ = {isa = PBXFileReference; fileEncoding = 4; lastKnownFileType = sourcecode.swift; name = CoreDataStack.swift; path = "../../../../ios-nd-persistence-master/CoolNotes/03-CoreDataStackFile/CoreDataStack.swift"; sourceTree = "<group>"; };
/* End PBXFileReference section */

/* Begin PBXFrameworksBuildPhase section */
		D72AC3381D3D68E800A45F1A /* Frameworks */ = {
			isa = PBXFrameworksBuildPhase;
			buildActionMask = 2147483647;
			files = (
			);
			runOnlyForDeploymentPostprocessing = 0;
		};
		D72AC34C1D3D68E800A45F1A /* Frameworks */ = {
			isa = PBXFrameworksBuildPhase;
			buildActionMask = 2147483647;
			files = (
			);
			runOnlyForDeploymentPostprocessing = 0;
		};
		D72AC3571D3D68E800A45F1A /* Frameworks */ = {
			isa = PBXFrameworksBuildPhase;
			buildActionMask = 2147483647;
			files = (
			);
			runOnlyForDeploymentPostprocessing = 0;
		};
/* End PBXFrameworksBuildPhase section */

/* Begin PBXGroup section */
		D72AC3321D3D68E800A45F1A = {
			isa = PBXGroup;
			children = (
				D72AC33D1D3D68E800A45F1A /* CoolNotes */,
				D72AC3521D3D68E800A45F1A /* CoolNotesTests */,
				D72AC35D1D3D68E800A45F1A /* CoolNotesUITests */,
				D72AC33C1D3D68E800A45F1A /* Products */,
			);
			sourceTree = "<group>";
		};
		D72AC33C1D3D68E800A45F1A /* Products */ = {
			isa = PBXGroup;
			children = (
				D72AC33B1D3D68E800A45F1A /* CoolNotes.app */,
				D72AC34F1D3D68E800A45F1A /* CoolNotesTests.xctest */,
				D72AC35A1D3D68E800A45F1A /* CoolNotesUITests.xctest */,
			);
			name = Products;
			sourceTree = "<group>";
		};
		D72AC33D1D3D68E800A45F1A /* CoolNotes */ = {
			isa = PBXGroup;
			children = (
				D72AC37A1D3D943F00A45F1A /* Controllers */,
				D72AC36F1D3D77DB00A45F1A /* Models */,
				D72AC33E1D3D68E800A45F1A /* AppDelegate.swift */,
				D72AC3401D3D68E800A45F1A /* ViewController.swift */,
				D72AC3421D3D68E800A45F1A /* Main.storyboard */,
				D72AC3451D3D68E800A45F1A /* Assets.xcassets */,
				D72AC3471D3D68E800A45F1A /* LaunchScreen.storyboard */,
				D72AC34A1D3D68E800A45F1A /* Info.plist */,
			);
			path = CoolNotes;
			sourceTree = "<group>";
		};
		D72AC3521D3D68E800A45F1A /* CoolNotesTests */ = {
			isa = PBXGroup;
			children = (
				D72AC3531D3D68E800A45F1A /* CoolNotesTests.swift */,
				D72AC3551D3D68E800A45F1A /* Info.plist */,
			);
			path = CoolNotesTests;
			sourceTree = "<group>";
		};
		D72AC35D1D3D68E800A45F1A /* CoolNotesUITests */ = {
			isa = PBXGroup;
			children = (
				D72AC35E1D3D68E800A45F1A /* CoolNotesUITests.swift */,
				D72AC3601D3D68E800A45F1A /* Info.plist */,
			);
			path = CoolNotesUITests;
			sourceTree = "<group>";
		};
		D72AC36F1D3D77DB00A45F1A /* Models */ = {
			isa = PBXGroup;
			children = (
				D72AC3721D3D7ADE00A45F1A /* Note+CoreDataProperties.swift */,
				D72AC3731D3D7ADE00A45F1A /* Note.swift */,
				D72AC3741D3D7ADE00A45F1A /* Notebook+CoreDataProperties.swift */,
				D72AC3751D3D7ADE00A45F1A /* Notebook.swift */,
				D72AC37B1D3D975700A45F1A /* CoreDataStack.swift */,
				D72AC36C1D3D693D00A45F1A /* Model.xcdatamodeld */,
			);
			name = Models;
			sourceTree = "<group>";
		};
		D72AC37A1D3D943F00A45F1A /* Controllers */ = {
			isa = PBXGroup;
			children = (
			);
			name = Controllers;
			sourceTree = "<group>";
		};
/* End PBXGroup section */

/* Begin PBXNativeTarget section */
		D72AC33A1D3D68E800A45F1A /* CoolNotes */ = {
			isa = PBXNativeTarget;
			buildConfigurationList = D72AC3631D3D68E800A45F1A /* Build configuration list for PBXNativeTarget "CoolNotes" */;
			buildPhases = (
				D72AC3371D3D68E800A45F1A /* Sources */,
				D72AC3381D3D68E800A45F1A /* Frameworks */,
				D72AC3391D3D68E800A45F1A /* Resources */,
			);
			buildRules = (
			);
			dependencies = (
			);
			name = CoolNotes;
			productName = CoolNotes;
			productReference = D72AC33B1D3D68E800A45F1A /* CoolNotes.app */;
			productType = "com.apple.product-type.application";
		};
		D72AC34E1D3D68E800A45F1A /* CoolNotesTests */ = {
			isa = PBXNativeTarget;
			buildConfigurationList = D72AC3661D3D68E800A45F1A /* Build configuration list for PBXNativeTarget "CoolNotesTests" */;
			buildPhases = (
				D72AC34B1D3D68E800A45F1A /* Sources */,
				D72AC34C1D3D68E800A45F1A /* Frameworks */,
				D72AC34D1D3D68E800A45F1A /* Resources */,
			);
			buildRules = (
			);
			dependencies = (
				D72AC3511D3D68E800A45F1A /* PBXTargetDependency */,
			);
			name = CoolNotesTests;
			productName = CoolNotesTests;
			productReference = D72AC34F1D3D68E800A45F1A /* CoolNotesTests.xctest */;
			productType = "com.apple.product-type.bundle.unit-test";
		};
		D72AC3591D3D68E800A45F1A /* CoolNotesUITests */ = {
			isa = PBXNativeTarget;
			buildConfigurationList = D72AC3691D3D68E800A45F1A /* Build configuration list for PBXNativeTarget "CoolNotesUITests" */;
			buildPhases = (
				D72AC3561D3D68E800A45F1A /* Sources */,
				D72AC3571D3D68E800A45F1A /* Frameworks */,
				D72AC3581D3D68E800A45F1A /* Resources */,
			);
			buildRules = (
			);
			dependencies = (
				D72AC35C1D3D68E800A45F1A /* PBXTargetDependency */,
			);
			name = CoolNotesUITests;
			productName = CoolNotesUITests;
			productReference = D72AC35A1D3D68E800A45F1A /* CoolNotesUITests.xctest */;
			productType = "com.apple.product-type.bundle.ui-testing";
		};
/* End PBXNativeTarget section */

/* Begin PBXProject section */
		D72AC3331D3D68E800A45F1A /* Project object */ = {
			isa = PBXProject;
			attributes = {
				LastSwiftUpdateCheck = 0730;
				LastUpgradeCheck = 0730;
				ORGANIZATIONNAME = CSULA;
				TargetAttributes = {
					D72AC33A1D3D68E800A45F1A = {
						CreatedOnToolsVersion = 7.3.1;
					};
					D72AC34E1D3D68E800A45F1A = {
						CreatedOnToolsVersion = 7.3.1;
						TestTargetID = D72AC33A1D3D68E800A45F1A;
					};
					D72AC3591D3D68E800A45F1A = {
						CreatedOnToolsVersion = 7.3.1;
						TestTargetID = D72AC33A1D3D68E800A45F1A;
					};
				};
			};
			buildConfigurationList = D72AC3361D3D68E800A45F1A /* Build configuration list for PBXProject "CoolNotes" */;
			compatibilityVersion = "Xcode 3.2";
			developmentRegion = English;
			hasScannedForEncodings = 0;
			knownRegions = (
				en,
				Base,
			);
			mainGroup = D72AC3321D3D68E800A45F1A;
			productRefGroup = D72AC33C1D3D68E800A45F1A /* Products */;
			projectDirPath = "";
			projectRoot = "";
			targets = (
				D72AC33A1D3D68E800A45F1A /* CoolNotes */,
				D72AC34E1D3D68E800A45F1A /* CoolNotesTests */,
				D72AC3591D3D68E800A45F1A /* CoolNotesUITests */,
			);
		};
/* End PBXProject section */

/* Begin PBXResourcesBuildPhase section */
		D72AC3391D3D68E800A45F1A /* Resources */ = {
			isa = PBXResourcesBuildPhase;
			buildActionMask = 2147483647;
			files = (
				D72AC3491D3D68E800A45F1A /* LaunchScreen.storyboard in Resources */,
				D72AC3461D3D68E800A45F1A /* Assets.xcassets in Resources */,
				D72AC3441D3D68E800A45F1A /* Main.storyboard in Resources */,
			);
			runOnlyForDeploymentPostprocessing = 0;
		};
		D72AC34D1D3D68E800A45F1A /* Resources */ = {
			isa = PBXResourcesBuildPhase;
			buildActionMask = 2147483647;
			files = (
			);
			runOnlyForDeploymentPostprocessing = 0;
		};
		D72AC3581D3D68E800A45F1A /* Resources */ = {
			isa = PBXResourcesBuildPhase;
			buildActionMask = 2147483647;
			files = (
			);
			runOnlyForDeploymentPostprocessing = 0;
		};
/* End PBXResourcesBuildPhase section */

/* Begin PBXSourcesBuildPhase section */
		D72AC3371D3D68E800A45F1A /* Sources */ = {
			isa = PBXSourcesBuildPhase;
			buildActionMask = 2147483647;
			files = (
				D72AC3411D3D68E800A45F1A /* ViewController.swift in Sources */,
				D72AC33F1D3D68E800A45F1A /* AppDelegate.swift in Sources */,
				D72AC3791D3D7ADE00A45F1A /* Notebook.swift in Sources */,
				D72AC36E1D3D693D00A45F1A /* Model.xcdatamodeld in Sources */,
				D72AC3781D3D7ADE00A45F1A /* Notebook+CoreDataProperties.swift in Sources */,
				D72AC3761D3D7ADE00A45F1A /* Note+CoreDataProperties.swift in Sources */,
				D72AC3771D3D7ADE00A45F1A /* Note.swift in Sources */,
				D72AC37C1D3D975700A45F1A /* CoreDataStack.swift in Sources */,
			);
			runOnlyForDeploymentPostprocessing = 0;
		};
		D72AC34B1D3D68E800A45F1A /* Sources */ = {
			isa = PBXSourcesBuildPhase;
			buildActionMask = 2147483647;
			files = (
				D72AC3541D3D68E800A45F1A /* CoolNotesTests.swift in Sources */,
			);
			runOnlyForDeploymentPostprocessing = 0;
		};
		D72AC3561D3D68E800A45F1A /* Sources */ = {
			isa = PBXSourcesBuildPhase;
			buildActionMask = 2147483647;
			files = (
				D72AC35F1D3D68E800A45F1A /* CoolNotesUITests.swift in Sources */,
			);
			runOnlyForDeploymentPostprocessing = 0;
		};
/* End PBXSourcesBuildPhase section */

/* Begin PBXTargetDependency section */
		D72AC3511D3D68E800A45F1A /* PBXTargetDependency */ = {
			isa = PBXTargetDependency;
			target = D72AC33A1D3D68E800A45F1A /* CoolNotes */;
			targetProxy = D72AC3501D3D68E800A45F1A /* PBXContainerItemProxy */;
		};
		D72AC35C1D3D68E800A45F1A /* PBXTargetDependency */ = {
			isa = PBXTargetDependency;
			target = D72AC33A1D3D68E800A45F1A /* CoolNotes */;
			targetProxy = D72AC35B1D3D68E800A45F1A /* PBXContainerItemProxy */;
		};
/* End PBXTargetDependency section */

/* Begin PBXVariantGroup section */
		D72AC3421D3D68E800A45F1A /* Main.storyboard */ = {
			isa = PBXVariantGroup;
			children = (
				D72AC3431D3D68E800A45F1A /* Base */,
			);
			name = Main.storyboard;
			sourceTree = "<group>";
		};
		D72AC3471D3D68E800A45F1A /* LaunchScreen.storyboard */ = {
			isa = PBXVariantGroup;
			children = (
				D72AC3481D3D68E800A45F1A /* Base */,
			);
			name = LaunchScreen.storyboard;
			sourceTree = "<group>";
		};
/* End PBXVariantGroup section */

/* Begin XCBuildConfiguration section */
		D72AC3611D3D68E800A45F1A /* Debug */ = {
			isa = XCBuildConfiguration;
			buildSettings = {
				ALWAYS_SEARCH_USER_PATHS = NO;
				CLANG_ANALYZER_NONNULL = YES;
				CLANG_CXX_LANGUAGE_STANDARD = "gnu++0x";
				CLANG_CXX_LIBRARY = "libc++";
				CLANG_ENABLE_MODULES = YES;
				CLANG_ENABLE_OBJC_ARC = YES;
				CLANG_WARN_BOOL_CONVERSION = YES;
				CLANG_WARN_CONSTANT_CONVERSION = YES;
				CLANG_WARN_DIRECT_OBJC_ISA_USAGE = YES_ERROR;
				CLANG_WARN_EMPTY_BODY = YES;
				CLANG_WARN_ENUM_CONVERSION = YES;
				CLANG_WARN_INT_CONVERSION = YES;
				CLANG_WARN_OBJC_ROOT_CLASS = YES_ERROR;
				CLANG_WARN_UNREACHABLE_CODE = YES;
				CLANG_WARN__DUPLICATE_METHOD_MATCH = YES;
				"CODE_SIGN_IDENTITY[sdk=iphoneos*]" = "iPhone Developer";
				COPY_PHASE_STRIP = NO;
				DEBUG_INFORMATION_FORMAT = dwarf;
				ENABLE_STRICT_OBJC_MSGSEND = YES;
				ENABLE_TESTABILITY = YES;
				GCC_C_LANGUAGE_STANDARD = gnu99;
				GCC_DYNAMIC_NO_PIC = NO;
				GCC_NO_COMMON_BLOCKS = YES;
				GCC_OPTIMIZATION_LEVEL = 0;
				GCC_PREPROCESSOR_DEFINITIONS = (
					"DEBUG=1",
					"$(inherited)",
				);
				GCC_WARN_64_TO_32_BIT_CONVERSION = YES;
				GCC_WARN_ABOUT_RETURN_TYPE = YES_ERROR;
				GCC_WARN_UNDECLARED_SELECTOR = YES;
				GCC_WARN_UNINITIALIZED_AUTOS = YES_AGGRESSIVE;
				GCC_WARN_UNUSED_FUNCTION = YES;
				GCC_WARN_UNUSED_VARIABLE = YES;
				IPHONEOS_DEPLOYMENT_TARGET = 9.3;
				MTL_ENABLE_DEBUG_INFO = YES;
				ONLY_ACTIVE_ARCH = YES;
				SDKROOT = iphoneos;
				SWIFT_OPTIMIZATION_LEVEL = "-Onone";
			};
			name = Debug;
		};
		D72AC3621D3D68E800A45F1A /* Release */ = {
			isa = XCBuildConfiguration;
			buildSettings = {
				ALWAYS_SEARCH_USER_PATHS = NO;
				CLANG_ANALYZER_NONNULL = YES;
				CLANG_CXX_LANGUAGE_STANDARD = "gnu++0x";
				CLANG_CXX_LIBRARY = "libc++";
				CLANG_ENABLE_MODULES = YES;
				CLANG_ENABLE_OBJC_ARC = YES;
				CLANG_WARN_BOOL_CONVERSION = YES;
				CLANG_WARN_CONSTANT_CONVERSION = YES;
				CLANG_WARN_DIRECT_OBJC_ISA_USAGE = YES_ERROR;
				CLANG_WARN_EMPTY_BODY = YES;
				CLANG_WARN_ENUM_CONVERSION = YES;
				CLANG_WARN_INT_CONVERSION = YES;
				CLANG_WARN_OBJC_ROOT_CLASS = YES_ERROR;
				CLANG_WARN_UNREACHABLE_CODE = YES;
				CLANG_WARN__DUPLICATE_METHOD_MATCH = YES;
				"CODE_SIGN_IDENTITY[sdk=iphoneos*]" = "iPhone Developer";
				COPY_PHASE_STRIP = NO;
				DEBUG_INFORMATION_FORMAT = "dwarf-with-dsym";
				ENABLE_NS_ASSERTIONS = NO;
				ENABLE_STRICT_OBJC_MSGSEND = YES;
				GCC_C_LANGUAGE_STANDARD = gnu99;
				GCC_NO_COMMON_BLOCKS = YES;
				GCC_WARN_64_TO_32_BIT_CONVERSION = YES;
				GCC_WARN_ABOUT_RETURN_TYPE = YES_ERROR;
				GCC_WARN_UNDECLARED_SELECTOR = YES;
				GCC_WARN_UNINITIALIZED_AUTOS = YES_AGGRESSIVE;
				GCC_WARN_UNUSED_FUNCTION = YES;
				GCC_WARN_UNUSED_VARIABLE = YES;
				IPHONEOS_DEPLOYMENT_TARGET = 9.3;
				MTL_ENABLE_DEBUG_INFO = NO;
				SDKROOT = iphoneos;
				VALIDATE_PRODUCT = YES;
			};
			name = Release;
		};
		D72AC3641D3D68E800A45F1A /* Debug */ = {
			isa = XCBuildConfiguration;
			buildSettings = {
				ASSETCATALOG_COMPILER_APPICON_NAME = AppIcon;
				INFOPLIST_FILE = CoolNotes/Info.plist;
				LD_RUNPATH_SEARCH_PATHS = "$(inherited) @executable_path/Frameworks";
				PRODUCT_BUNDLE_IDENTIFIER = edu.csula.jeanne.CoolNotes;
				PRODUCT_NAME = "$(TARGET_NAME)";
			};
			name = Debug;
		};
		D72AC3651D3D68E800A45F1A /* Release */ = {
			isa = XCBuildConfiguration;
			buildSettings = {
				ASSETCATALOG_COMPILER_APPICON_NAME = AppIcon;
				INFOPLIST_FILE = CoolNotes/Info.plist;
				LD_RUNPATH_SEARCH_PATHS = "$(inherited) @executable_path/Frameworks";
				PRODUCT_BUNDLE_IDENTIFIER = edu.csula.jeanne.CoolNotes;
				PRODUCT_NAME = "$(TARGET_NAME)";
			};
			name = Release;
		};
		D72AC3671D3D68E800A45F1A /* Debug */ = {
			isa = XCBuildConfiguration;
			buildSettings = {
				BUNDLE_LOADER = "$(TEST_HOST)";
				INFOPLIST_FILE = CoolNotesTests/Info.plist;
				LD_RUNPATH_SEARCH_PATHS = "$(inherited) @executable_path/Frameworks @loader_path/Frameworks";
				PRODUCT_BUNDLE_IDENTIFIER = edu.csula.jeanne.CoolNotesTests;
				PRODUCT_NAME = "$(TARGET_NAME)";
				TEST_HOST = "$(BUILT_PRODUCTS_DIR)/CoolNotes.app/CoolNotes";
			};
			name = Debug;
		};
		D72AC3681D3D68E800A45F1A /* Release */ = {
			isa = XCBuildConfiguration;
			buildSettings = {
				BUNDLE_LOADER = "$(TEST_HOST)";
				INFOPLIST_FILE = CoolNotesTests/Info.plist;
				LD_RUNPATH_SEARCH_PATHS = "$(inherited) @executable_path/Frameworks @loader_path/Frameworks";
				PRODUCT_BUNDLE_IDENTIFIER = edu.csula.jeanne.CoolNotesTests;
				PRODUCT_NAME = "$(TARGET_NAME)";
				TEST_HOST = "$(BUILT_PRODUCTS_DIR)/CoolNotes.app/CoolNotes";
			};
			name = Release;
		};
		D72AC36A1D3D68E800A45F1A /* Debug */ = {
			isa = XCBuildConfiguration;
			buildSettings = {
				INFOPLIST_FILE = CoolNotesUITests/Info.plist;
				LD_RUNPATH_SEARCH_PATHS = "$(inherited) @executable_path/Frameworks @loader_path/Frameworks";
				PRODUCT_BUNDLE_IDENTIFIER = edu.csula.jeanne.CoolNotesUITests;
				PRODUCT_NAME = "$(TARGET_NAME)";
				TEST_TARGET_NAME = CoolNotes;
			};
			name = Debug;
		};
		D72AC36B1D3D68E800A45F1A /* Release */ = {
			isa = XCBuildConfiguration;
			buildSettings = {
				INFOPLIST_FILE = CoolNotesUITests/Info.plist;
				LD_RUNPATH_SEARCH_PATHS = "$(inherited) @executable_path/Frameworks @loader_path/Frameworks";
				PRODUCT_BUNDLE_IDENTIFIER = edu.csula.jeanne.CoolNotesUITests;
				PRODUCT_NAME = "$(TARGET_NAME)";
				TEST_TARGET_NAME = CoolNotes;
			};
			name = Release;
		};
/* End XCBuildConfiguration section */

/* Begin XCConfigurationList section */
		D72AC3361D3D68E800A45F1A /* Build configuration list for PBXProject "CoolNotes" */ = {
			isa = XCConfigurationList;
			buildConfigurations = (
				D72AC3611D3D68E800A45F1A /* Debug */,
				D72AC3621D3D68E800A45F1A /* Release */,
			);
			defaultConfigurationIsVisible = 0;
			defaultConfigurationName = Release;
		};
		D72AC3631D3D68E800A45F1A /* Build configuration list for PBXNativeTarget "CoolNotes" */ = {
			isa = XCConfigurationList;
			buildConfigurations = (
				D72AC3641D3D68E800A45F1A /* Debug */,
				D72AC3651D3D68E800A45F1A /* Release */,
			);
			defaultConfigurationIsVisible = 0;
			defaultConfigurationName = Release;
		};
		D72AC3661D3D68E800A45F1A /* Build configuration list for PBXNativeTarget "CoolNotesTests" */ = {
			isa = XCConfigurationList;
			buildConfigurations = (
				D72AC3671D3D68E800A45F1A /* Debug */,
				D72AC3681D3D68E800A45F1A /* Release */,
			);
			defaultConfigurationIsVisible = 0;
			defaultConfigurationName = Release;
		};
		D72AC3691D3D68E800A45F1A /* Build configuration list for PBXNativeTarget "CoolNotesUITests" */ = {
			isa = XCConfigurationList;
			buildConfigurations = (
				D72AC36A1D3D68E800A45F1A /* Debug */,
				D72AC36B1D3D68E800A45F1A /* Release */,
			);
			defaultConfigurationIsVisible = 0;
			defaultConfigurationName = Release;
		};
/* End XCConfigurationList section */

/* Begin XCVersionGroup section */
		D72AC36C1D3D693D00A45F1A /* Model.xcdatamodeld */ = {
			isa = XCVersionGroup;
			children = (
				D72AC36D1D3D693D00A45F1A /* Model.xcdatamodel */,
			);
			currentVersion = D72AC36D1D3D693D00A45F1A /* Model.xcdatamodel */;
			name = Model.xcdatamodeld;
			path = ../Model.xcdatamodeld;
			sourceTree = "<group>";
			versionGroupType = wrapper.xcdatamodel;
		};
/* End XCVersionGroup section */
	};
	rootObject = D72AC3331D3D68E800A45F1A /* Project object */;
}
